{
  "name": "example",
  "version": "1.0.0",
  "lockfileVersion": 1,
  "requires": true,
  "dependencies": {
    "sakthi-random-num-generator-js": {
      "version": "1.0.3",
      "resolved": "https://registry.npmjs.org/sakthi-random-num-generator-js/-/sakthi-random-num-generator-js-1.0.3.tgz",
      "integrity": "sha512-Na6ovrR5SxOkZd5S4h5sCjJ1aobioU7awJjHFtt9YIMkFA+eI8bHuBmGJL0mC7A8I4p37HMDQgdykXPkMeNrdg=="
    }
  }
}
